
Microsoft Visual Studio Solution File, Format Version 12.00
# Visual Studio Version 17
VisualStudioVersion = 17.4.33110.190
MinimumVisualStudioVersion = 10.0.40219.1
Project("{9A19103F-16F7-4668-BE54-9A1E7A4F7556}") = "Support.Shared", "Support.Shared\Support.Shared.csproj", "{A956BC66-D4B0-4784-86D2-38651E763D91}"
EndProject
Project("{9A19103F-16F7-4668-BE54-9A1E7A4F7556}") = "Support.Discord", "Support.Discord\Support.Discord.csproj", "{4EB178D3-283B-4A33-9FBD-6C4875C71736}"
EndProject
Project("{9A19103F-16F7-4668-BE54-9A1E7A4F7556}") = "Support.App", "Support.App\Support.App.csproj", "{99705D5F-E7CF-4724-A0E8-62753DE4226A}"
EndProject
Global
	GlobalSection(SolutionConfigurationPlatforms) = preSolution
		Debug|Any CPU = Debug|Any CPU
		Release|Any CPU = Release|Any CPU
	EndGlobalSection
	GlobalSection(ProjectConfigurationPlatforms) = postSolution
		{A956BC66-D4B0-4784-86D2-38651E763D91}.Debug|Any CPU.ActiveCfg = Debug|Any CPU
		{A956BC66-D4B0-4784-86D2-38651E763D91}.Debug|Any CPU.Build.0 = Debug|Any CPU
		{A956BC66-D4B0-4784-86D2-38651E763D91}.Release|Any CPU.ActiveCfg = Release|Any CPU
		{A956BC66-D4B0-4784-86D2-38651E763D91}.Release|Any CPU.Build.0 = Release|Any CPU
		{4EB178D3-283B-4A33-9FBD-6C4875C71736}.Debug|Any CPU.ActiveCfg = Debug|Any CPU
		{4EB178D3-283B-4A33-9FBD-6C4875C71736}.Debug|Any CPU.Build.0 = Debug|Any CPU
		{4EB178D3-283B-4A33-9FBD-6C4875C71736}.Release|Any CPU.ActiveCfg = Release|Any CPU
		{4EB178D3-283B-4A33-9FBD-6C4875C71736}.Release|Any CPU.Build.0 = Release|Any CPU
		{99705D5F-E7CF-4724-A0E8-62753DE4226A}.Debug|Any CPU.ActiveCfg = Debug|Any CPU
		{99705D5F-E7CF-4724-A0E8-62753DE4226A}.Debug|Any CPU.Build.0 = Debug|Any CPU
		{99705D5F-E7CF-4724-A0E8-62753DE4226A}.Debug|Any CPU.Deploy.0 = Debug|Any CPU
		{99705D5F-E7CF-4724-A0E8-62753DE4226A}.Release|Any CPU.ActiveCfg = Release|Any CPU
		{99705D5F-E7CF-4724-A0E8-62753DE4226A}.Release|Any CPU.Build.0 = Release|Any CPU
		{99705D5F-E7CF-4724-A0E8-62753DE4226A}.Release|Any CPU.Deploy.0 = Release|Any CPU
	EndGlobalSection
	GlobalSection(SolutionProperties) = preSolution
		HideSolutionNode = FALSE
	EndGlobalSection
	GlobalSection(ExtensibilityGlobals) = postSolution
		SolutionGuid = {13847142-BA6F-4334-A030-D07F5EE51CDF}
	EndGlobalSection
EndGlobal
